
Microsoft Visual Studio Solution File, Format Version 12.00
# Visual Studio Version 17
VisualStudioVersion = 17.1.32414.318
MinimumVisualStudioVersion = 10.0.40219.1
Project("{FAE04EC0-301F-11D3-BF4B-00C04F79EFBC}") = "DominioIntelligence", "DominioIntelligence\DominioIntelligence.csproj", "{777E0E49-A780-47E4-9F2D-6686BED28A93}"
EndProject
Global
	GlobalSection(SolutionConfigurationPlatforms) = preSolution
		Debug|Any CPU = Debug|Any CPU
		Release|Any CPU = Release|Any CPU
	EndGlobalSection
	GlobalSection(ProjectConfigurationPlatforms) = postSolution
		{777E0E49-A780-47E4-9F2D-6686BED28A93}.Debug|Any CPU.ActiveCfg = Debug|Any CPU
		{777E0E49-A780-47E4-9F2D-6686BED28A93}.Debug|Any CPU.Build.0 = Debug|Any CPU
		{777E0E49-A780-47E4-9F2D-6686BED28A93}.Release|Any CPU.ActiveCfg = Release|Any CPU
		{777E0E49-A780-47E4-9F2D-6686BED28A93}.Release|Any CPU.Build.0 = Release|Any CPU
	EndGlobalSection
	GlobalSection(SolutionProperties) = preSolution
		HideSolutionNode = FALSE
	EndGlobalSection
	GlobalSection(ExtensibilityGlobals) = postSolution
		SolutionGuid = {24BC5290-2679-4F9D-9E51-3890FD866B1D}
	EndGlobalSection
EndGlobal
